
Microsoft Visual Studio Solution File, Format Version 12.00
# Visual Studio Version 16
VisualStudioVersion = 16.0.29613.14
MinimumVisualStudioVersion = 10.0.40219.1
Project("{FAE04EC0-301F-11D3-BF4B-00C04F79EFBC}") = "SunsetSunrise", "SunsetSunrise\SunsetSunrise.csproj", "{271A167E-FBE8-4338-A157-6A1C1AE49842}"
EndProject
Global
	GlobalSection(SolutionConfigurationPlatforms) = preSolution
		Debug|Any CPU = Debug|Any CPU
		Release|Any CPU = Release|Any CPU
	EndGlobalSection
	GlobalSection(ProjectConfigurationPlatforms) = postSolution
		{271A167E-FBE8-4338-A157-6A1C1AE49842}.Debug|Any CPU.ActiveCfg = Debug|Any CPU
		{271A167E-FBE8-4338-A157-6A1C1AE49842}.Debug|Any CPU.Build.0 = Debug|Any CPU
		{271A167E-FBE8-4338-A157-6A1C1AE49842}.Release|Any CPU.ActiveCfg = Release|Any CPU
		{271A167E-FBE8-4338-A157-6A1C1AE49842}.Release|Any CPU.Build.0 = Release|Any CPU
	EndGlobalSection
	GlobalSection(SolutionProperties) = preSolution
		HideSolutionNode = FALSE
	EndGlobalSection
	GlobalSection(ExtensibilityGlobals) = postSolution
		SolutionGuid = {9E77B795-ED50-4FAE-B44D-443A74B5A2C0}
	EndGlobalSection
EndGlobal
